
Microsoft Visual Studio Solution File, Format Version 12.00
# Visual Studio Version 17
VisualStudioVersion = 17.9.34622.214
MinimumVisualStudioVersion = 10.0.40219.1
Project("{FAE04EC0-301F-11D3-BF4B-00C04F79EFBC}") = "Bildbearbeitungsprogramm", "Bildbearbeitungsprogramm.csproj", "{992DAFA6-DC33-4D7F-94EE-6F3ED2CE1619}"
EndProject
Global
	GlobalSection(SolutionConfigurationPlatforms) = preSolution
		Debug|Any CPU = Debug|Any CPU
		Release|Any CPU = Release|Any CPU
	EndGlobalSection
	GlobalSection(ProjectConfigurationPlatforms) = postSolution
		{992DAFA6-DC33-4D7F-94EE-6F3ED2CE1619}.Debug|Any CPU.ActiveCfg = Debug|Any CPU
		{992DAFA6-DC33-4D7F-94EE-6F3ED2CE1619}.Debug|Any CPU.Build.0 = Debug|Any CPU
		{992DAFA6-DC33-4D7F-94EE-6F3ED2CE1619}.Release|Any CPU.ActiveCfg = Release|Any CPU
		{992DAFA6-DC33-4D7F-94EE-6F3ED2CE1619}.Release|Any CPU.Build.0 = Release|Any CPU
	EndGlobalSection
	GlobalSection(SolutionProperties) = preSolution
		HideSolutionNode = FALSE
	EndGlobalSection
	GlobalSection(ExtensibilityGlobals) = postSolution
		SolutionGuid = {E8CB8044-FD14-40D9-A860-290864B70E68}
	EndGlobalSection
EndGlobal
